
Microsoft Visual Studio Solution File, Format Version 12.00
# Visual Studio Version 16
VisualStudioVersion = 16.0.30320.27
MinimumVisualStudioVersion = 10.0.40219.1
Project("{9A19103F-16F7-4668-BE54-9A1E7A4F7556}") = "EfQueryFilter.Lib", "EfQueryFilter.Lib\EfQueryFilter.Lib.csproj", "{1FC741B4-9326-4579-BEF6-CC9AB3F00692}"
EndProject
Project("{9A19103F-16F7-4668-BE54-9A1E7A4F7556}") = "EfQueryFilter.Test", "EfQueryFilter.Test\EfQueryFilter.Test.csproj", "{AE550FA7-05A2-4F25-B50C-4656A17F030D}"
EndProject
Project("{2150E333-8FDC-42A3-9474-1A3956D46DE8}") = "SolutionItems", "SolutionItems", "{C67D6870-2695-4B3B-BA11-6A1F6A60D893}"
	ProjectSection(SolutionItems) = preProject
		README.md = README.md
	EndProjectSection
EndProject
Global
	GlobalSection(SolutionConfigurationPlatforms) = preSolution
		Debug|Any CPU = Debug|Any CPU
		Release|Any CPU = Release|Any CPU
	EndGlobalSection
	GlobalSection(ProjectConfigurationPlatforms) = postSolution
		{1FC741B4-9326-4579-BEF6-CC9AB3F00692}.Debug|Any CPU.ActiveCfg = Debug|Any CPU
		{1FC741B4-9326-4579-BEF6-CC9AB3F00692}.Debug|Any CPU.Build.0 = Debug|Any CPU
		{1FC741B4-9326-4579-BEF6-CC9AB3F00692}.Release|Any CPU.ActiveCfg = Release|Any CPU
		{1FC741B4-9326-4579-BEF6-CC9AB3F00692}.Release|Any CPU.Build.0 = Release|Any CPU
		{AE550FA7-05A2-4F25-B50C-4656A17F030D}.Debug|Any CPU.ActiveCfg = Debug|Any CPU
		{AE550FA7-05A2-4F25-B50C-4656A17F030D}.Debug|Any CPU.Build.0 = Debug|Any CPU
		{AE550FA7-05A2-4F25-B50C-4656A17F030D}.Release|Any CPU.ActiveCfg = Release|Any CPU
		{AE550FA7-05A2-4F25-B50C-4656A17F030D}.Release|Any CPU.Build.0 = Release|Any CPU
	EndGlobalSection
	GlobalSection(SolutionProperties) = preSolution
		HideSolutionNode = FALSE
	EndGlobalSection
	GlobalSection(ExtensibilityGlobals) = postSolution
		SolutionGuid = {8EB1D987-5C63-4D69-81C6-3C1F1FDF486A}
	EndGlobalSection
EndGlobal
